
Microsoft Visual Studio Solution File, Format Version 10.00
# Visual Studio 2008
Project("{8BC9CEB8-8B4A-11D0-8D11-00A0C91BC942}") = "nlog.target.udp.2008", "nlog.target.udp.2008.vcproj", "{508FBEF5-B995-4D2F-B86B-6ED759B3C85C}"
EndProject
Global
	GlobalSection(SolutionConfigurationPlatforms) = preSolution
		Debug|Win32 = Debug|Win32
		Release|Win32 = Release|Win32
	EndGlobalSection
	GlobalSection(ProjectConfigurationPlatforms) = postSolution
		{508FBEF5-B995-4D2F-B86B-6ED759B3C85C}.Debug|Win32.ActiveCfg = Debug|Win32
		{508FBEF5-B995-4D2F-B86B-6ED759B3C85C}.Debug|Win32.Build.0 = Debug|Win32
		{508FBEF5-B995-4D2F-B86B-6ED759B3C85C}.Release|Win32.ActiveCfg = Release|Win32
		{508FBEF5-B995-4D2F-B86B-6ED759B3C85C}.Release|Win32.Build.0 = Release|Win32
	EndGlobalSection
	GlobalSection(SolutionProperties) = preSolution
		HideSolutionNode = FALSE
	EndGlobalSection
EndGlobal
